
Microsoft Visual Studio Solution File, Format Version 12.00
# Visual Studio 15
VisualStudioVersion = 15.0.28010.2026
MinimumVisualStudioVersion = 10.0.40219.1
Project("{FAE04EC0-301F-11D3-BF4B-00C04F79EFBC}") = "TestTaskJson", "TestTaskJson\TestTaskJson.csproj", "{AFFC5C2B-4E09-4D08-9C53-DBEFFBA26740}"
EndProject
Global
	GlobalSection(SolutionConfigurationPlatforms) = preSolution
		Debug|Any CPU = Debug|Any CPU
		Release|Any CPU = Release|Any CPU
	EndGlobalSection
	GlobalSection(ProjectConfigurationPlatforms) = postSolution
		{AFFC5C2B-4E09-4D08-9C53-DBEFFBA26740}.Debug|Any CPU.ActiveCfg = Debug|Any CPU
		{AFFC5C2B-4E09-4D08-9C53-DBEFFBA26740}.Debug|Any CPU.Build.0 = Debug|Any CPU
		{AFFC5C2B-4E09-4D08-9C53-DBEFFBA26740}.Release|Any CPU.ActiveCfg = Release|Any CPU
		{AFFC5C2B-4E09-4D08-9C53-DBEFFBA26740}.Release|Any CPU.Build.0 = Release|Any CPU
	EndGlobalSection
	GlobalSection(SolutionProperties) = preSolution
		HideSolutionNode = FALSE
	EndGlobalSection
	GlobalSection(ExtensibilityGlobals) = postSolution
		SolutionGuid = {2588613F-AC24-4064-B931-B4DFE122CFAF}
	EndGlobalSection
EndGlobal
